
Microsoft Visual Studio Solution File, Format Version 12.00
# Visual Studio 15
VisualStudioVersion = 15.0.28307.1000
MinimumVisualStudioVersion = 10.0.40219.1
Project("{FAE04EC0-301F-11D3-BF4B-00C04F79EFBC}") = "Receiver", "Receiver\Receiver.csproj", "{EC311DB5-CCCF-4722-90E0-B36E260F9D92}"
EndProject
Project("{FAE04EC0-301F-11D3-BF4B-00C04F79EFBC}") = "Sender", "Sender\Sender.csproj", "{F76A5E5E-8A07-45BF-B0FC-B14EDD4D71D4}"
EndProject
Project("{2150E333-8FDC-42A3-9474-1A3956D46DE8}") = "Solution Items", "Solution Items", "{2893695A-00E7-425E-96B9-53BFBDB2A273}"
	ProjectSection(SolutionItems) = preProject
		CommPrimitive.cs = CommPrimitive.cs
	EndProjectSection
EndProject
Project("{FAE04EC0-301F-11D3-BF4B-00C04F79EFBC}") = "Sender.Test", "Sender.Test\Sender.Test.csproj", "{9DA38482-93FD-403C-8618-FB790BD51E92}"
EndProject
Project("{FAE04EC0-301F-11D3-BF4B-00C04F79EFBC}") = "Receiver.Test", "Receiver.Test\Receiver.Test.csproj", "{2A015558-20EE-4CD3-8942-EAE204E708EF}"
EndProject
Global
	GlobalSection(SolutionConfigurationPlatforms) = preSolution
		Debug|Any CPU = Debug|Any CPU
		Release|Any CPU = Release|Any CPU
	EndGlobalSection
	GlobalSection(ProjectConfigurationPlatforms) = postSolution
		{EC311DB5-CCCF-4722-90E0-B36E260F9D92}.Debug|Any CPU.ActiveCfg = Debug|Any CPU
		{EC311DB5-CCCF-4722-90E0-B36E260F9D92}.Debug|Any CPU.Build.0 = Debug|Any CPU
		{EC311DB5-CCCF-4722-90E0-B36E260F9D92}.Release|Any CPU.ActiveCfg = Release|Any CPU
		{EC311DB5-CCCF-4722-90E0-B36E260F9D92}.Release|Any CPU.Build.0 = Release|Any CPU
		{F76A5E5E-8A07-45BF-B0FC-B14EDD4D71D4}.Debug|Any CPU.ActiveCfg = Debug|Any CPU
		{F76A5E5E-8A07-45BF-B0FC-B14EDD4D71D4}.Debug|Any CPU.Build.0 = Debug|Any CPU
		{F76A5E5E-8A07-45BF-B0FC-B14EDD4D71D4}.Release|Any CPU.ActiveCfg = Release|Any CPU
		{F76A5E5E-8A07-45BF-B0FC-B14EDD4D71D4}.Release|Any CPU.Build.0 = Release|Any CPU
		{9DA38482-93FD-403C-8618-FB790BD51E92}.Debug|Any CPU.ActiveCfg = Debug|Any CPU
		{9DA38482-93FD-403C-8618-FB790BD51E92}.Debug|Any CPU.Build.0 = Debug|Any CPU
		{9DA38482-93FD-403C-8618-FB790BD51E92}.Release|Any CPU.ActiveCfg = Release|Any CPU
		{9DA38482-93FD-403C-8618-FB790BD51E92}.Release|Any CPU.Build.0 = Release|Any CPU
		{2A015558-20EE-4CD3-8942-EAE204E708EF}.Debug|Any CPU.ActiveCfg = Debug|Any CPU
		{2A015558-20EE-4CD3-8942-EAE204E708EF}.Debug|Any CPU.Build.0 = Debug|Any CPU
		{2A015558-20EE-4CD3-8942-EAE204E708EF}.Release|Any CPU.ActiveCfg = Release|Any CPU
		{2A015558-20EE-4CD3-8942-EAE204E708EF}.Release|Any CPU.Build.0 = Release|Any CPU
	EndGlobalSection
	GlobalSection(SolutionProperties) = preSolution
		HideSolutionNode = FALSE
	EndGlobalSection
	GlobalSection(ExtensibilityGlobals) = postSolution
		SolutionGuid = {D196C842-9EF3-4E3C-9DF9-0096D1DC8768}
	EndGlobalSection
EndGlobal
